
Microsoft Visual Studio Solution File, Format Version 12.00
# Visual Studio Version 16
VisualStudioVersion = 16.0.28803.156
MinimumVisualStudioVersion = 10.0.40219.1
Project("{FAE04EC0-301F-11D3-BF4B-00C04F79EFBC}") = "Democracy", "Democracy\Democracy.csproj", "{B9436FBB-466D-4237-A13C-6D0A363ED05D}"
EndProject
Global
	GlobalSection(SolutionConfigurationPlatforms) = preSolution
		Debug|Any CPU = Debug|Any CPU
		Release|Any CPU = Release|Any CPU
	EndGlobalSection
	GlobalSection(ProjectConfigurationPlatforms) = postSolution
		{B9436FBB-466D-4237-A13C-6D0A363ED05D}.Debug|Any CPU.ActiveCfg = Debug|Any CPU
		{B9436FBB-466D-4237-A13C-6D0A363ED05D}.Debug|Any CPU.Build.0 = Debug|Any CPU
		{B9436FBB-466D-4237-A13C-6D0A363ED05D}.Release|Any CPU.ActiveCfg = Release|Any CPU
		{B9436FBB-466D-4237-A13C-6D0A363ED05D}.Release|Any CPU.Build.0 = Release|Any CPU
	EndGlobalSection
	GlobalSection(SolutionProperties) = preSolution
		HideSolutionNode = FALSE
	EndGlobalSection
	GlobalSection(ExtensibilityGlobals) = postSolution
		SolutionGuid = {F2A501FF-59D7-4BD3-B29D-408B709EAAE5}
	EndGlobalSection
EndGlobal
